{
  "name": "streaming",
  "version": "1.0.0",
  "lockfileVersion": 3,
  "requires": true,
  "packages": {
    "": {
      "name": "streaming",
      "version": "1.0.0",
      "license": "ISC",
      "dependencies": {
        "@overshoot/sdk": "^0.1.0-alpha.2",
        "hls.js": "^1.6.15"
      }
    },
    "node_modules/@overshoot/sdk": {
      "version": "0.1.0-alpha.2",
      "resolved": "https://registry.npmjs.org/@overshoot/sdk/-/sdk-0.1.0-alpha.2.tgz",
      "integrity": "sha512-kCgP0m1T4EeQ8zyQDLsBlO3z8dQnWnGJ/Xc6nme+W7Z607ZPMozjqqojwLw22w5FlbxJ1V+ErLnEVqUCJuk+eg==",
      "license": "MIT",
      "engines": {
        "node": ">=18.0.0"
      }
    },
    "node_modules/hls.js": {
      "version": "1.6.15",
      "resolved": "https://registry.npmjs.org/hls.js/-/hls.js-1.6.15.tgz",
      "integrity": "sha512-E3a5VwgXimGHwpRGV+WxRTKeSp2DW5DI5MWv34ulL3t5UNmyJWCQ1KmLEHbYzcfThfXG8amBL+fCYPneGHC4VA==",
      "license": "Apache-2.0"
    }
  }
}
